
Microsoft Visual Studio Solution File, Format Version 12.00
# Visual Studio Version 17
VisualStudioVersion = 17.7.34031.279
MinimumVisualStudioVersion = 10.0.40219.1
Project("{FAE04EC0-301F-11D3-BF4B-00C04F79EFBC}") = "BionicCoreLibrary", "BionicCoreLibrary.csproj", "{D2F4EB97-8C0B-4212-B527-0581995C8A25}"
EndProject
Project("{FAE04EC0-301F-11D3-BF4B-00C04F79EFBC}") = "xUnitify", "..\xUnitify\xUnitify.csproj", "{5BAA7EDD-35C4-45D8-8451-FE7A03AE0DEA}"
EndProject
Global
	GlobalSection(SolutionConfigurationPlatforms) = preSolution
		Debug|Any CPU = Debug|Any CPU
		Release|Any CPU = Release|Any CPU
	EndGlobalSection
	GlobalSection(ProjectConfigurationPlatforms) = postSolution
		{D2F4EB97-8C0B-4212-B527-0581995C8A25}.Debug|Any CPU.ActiveCfg = Debug|Any CPU
		{D2F4EB97-8C0B-4212-B527-0581995C8A25}.Debug|Any CPU.Build.0 = Debug|Any CPU
		{D2F4EB97-8C0B-4212-B527-0581995C8A25}.Release|Any CPU.ActiveCfg = Release|Any CPU
		{D2F4EB97-8C0B-4212-B527-0581995C8A25}.Release|Any CPU.Build.0 = Release|Any CPU
		{5BAA7EDD-35C4-45D8-8451-FE7A03AE0DEA}.Debug|Any CPU.ActiveCfg = Debug|Any CPU
		{5BAA7EDD-35C4-45D8-8451-FE7A03AE0DEA}.Debug|Any CPU.Build.0 = Debug|Any CPU
		{5BAA7EDD-35C4-45D8-8451-FE7A03AE0DEA}.Release|Any CPU.ActiveCfg = Release|Any CPU
		{5BAA7EDD-35C4-45D8-8451-FE7A03AE0DEA}.Release|Any CPU.Build.0 = Release|Any CPU
	EndGlobalSection
	GlobalSection(SolutionProperties) = preSolution
		HideSolutionNode = FALSE
	EndGlobalSection
	GlobalSection(ExtensibilityGlobals) = postSolution
		SolutionGuid = {35EFE87B-8002-4055-B86A-962A83F89843}
	EndGlobalSection
EndGlobal
